
Microsoft Visual Studio Solution File, Format Version 12.00
# Visual Studio Version 16
VisualStudioVersion = 16.0.30011.22
MinimumVisualStudioVersion = 10.0.40219.1
Project("{9A19103F-16F7-4668-BE54-9A1E7A4F7556}") = "Centrifugo.Client", "Centrifugo.Client\Centrifugo.Client.csproj", "{EB40F135-DA55-44E4-9362-25F8F615A3CA}"
EndProject
Project("{FAE04EC0-301F-11D3-BF4B-00C04F79EFBC}") = "Centrifugo.Sample", "Centrifugo.Sample\Centrifugo.Sample.csproj", "{7F2F4A0F-8B56-4931-BEBD-DB3DBEB43209}"
EndProject
Global
	GlobalSection(SolutionConfigurationPlatforms) = preSolution
		Debug|Any CPU = Debug|Any CPU
		Release|Any CPU = Release|Any CPU
	EndGlobalSection
	GlobalSection(ProjectConfigurationPlatforms) = postSolution
		{EB40F135-DA55-44E4-9362-25F8F615A3CA}.Debug|Any CPU.ActiveCfg = Debug|Any CPU
		{EB40F135-DA55-44E4-9362-25F8F615A3CA}.Debug|Any CPU.Build.0 = Debug|Any CPU
		{EB40F135-DA55-44E4-9362-25F8F615A3CA}.Release|Any CPU.ActiveCfg = Release|Any CPU
		{EB40F135-DA55-44E4-9362-25F8F615A3CA}.Release|Any CPU.Build.0 = Release|Any CPU
		{7F2F4A0F-8B56-4931-BEBD-DB3DBEB43209}.Debug|Any CPU.ActiveCfg = Debug|Any CPU
		{7F2F4A0F-8B56-4931-BEBD-DB3DBEB43209}.Debug|Any CPU.Build.0 = Debug|Any CPU
		{7F2F4A0F-8B56-4931-BEBD-DB3DBEB43209}.Release|Any CPU.ActiveCfg = Release|Any CPU
		{7F2F4A0F-8B56-4931-BEBD-DB3DBEB43209}.Release|Any CPU.Build.0 = Release|Any CPU
	EndGlobalSection
	GlobalSection(SolutionProperties) = preSolution
		HideSolutionNode = FALSE
	EndGlobalSection
	GlobalSection(ExtensibilityGlobals) = postSolution
		SolutionGuid = {6E309881-5E95-4F4E-B0D1-81E71C8D8B3D}
	EndGlobalSection
EndGlobal
